# THIS IS AN AUTOGENERATED FILE. DO NOT EDIT THIS FILE DIRECTLY.
# yarn lockfile v1


"@fortawesome/fontawesome-free@^5.15.1":
  version "5.15.4"
  resolved "https://registry.yarnpkg.com/@fortawesome/fontawesome-free/-/fontawesome-free-5.15.4.tgz#ecda5712b61ac852c760d8b3c79c96adca5554e5"
  integrity sha512-eYm8vijH/hpzr/6/1CJ/V/Eb1xQFW2nnUKArb3z+yUWv7HTwj6M7SP957oMjfZjAHU6qpoNc2wQvIxBLWYa/Jg==

"@github/time-elements@^3.1.2":
  version "3.1.2"
  resolved "https://registry.yarnpkg.com/@github/time-elements/-/time-elements-3.1.2.tgz#cc36d7a34ff2033d7f0b216f1a724405b8fbc201"
  integrity sha512-YVtZVLBikP6I7na22kfB9PKIseISwX41MFJ7lPuNz1VVH2IR5cpRRU6F1X6kcchPChljuvMUR4OiwMWHOJQ8kQ==

"@hotwired/turbo-rails@^7.0.1":
  version "7.0.1"
  resolved "https://registry.yarnpkg.com/@hotwired/turbo-rails/-/turbo-rails-7.0.1.tgz#d39816eef215e83468fa306a963e7c874ffe70f7"
  integrity sha512-0cV7zG9aCzF/foidgfx6WvqKDcRKXJt2aT1fenNFywO7armGTD8S86V8U1IyUAHq+ZkIL26moc+AB40uTZt0oA==
  dependencies:
    "@hotwired/turbo" "^7.0.1"
    "@rails/actioncable" "^6.0.0"

"@hotwired/turbo@^7.0.1":
  version "7.0.1"
  resolved "https://registry.yarnpkg.com/@hotwired/turbo/-/turbo-7.0.1.tgz#2a8c6ab2f24914d1d47f3a7a7779e2881e8c61a0"
  integrity sha512-awqraytYXbHV2NT0WAOnDDDGJeHHnFtnztdXvRuIqgsStUtPKM8B9H7ISm77SwbHemEjxEOB8Ku4RfNbEEXsPQ==

"@popperjs/core@2":
  version "2.10.2"
  resolved "https://registry.yarnpkg.com/@popperjs/core/-/core-2.10.2.tgz#0798c03351f0dea1a5a4cabddf26a55a7cbee590"
  integrity sha512-IXf3XA7+XyN7CP9gGh/XB0UxVMlvARGEgGXLubFICsUMGz6Q+DU+i4gGlpOxTjKvXjkJDJC8YdqdKkDj9qZHEQ==

"@rails/actioncable@^6.0.0":
  version "6.1.4"
  resolved "https://registry.yarnpkg.com/@rails/actioncable/-/actioncable-6.1.4.tgz#c3c5a9f8302c429af9722b6c50ab48049016d2a3"
  integrity sha512-0LmSKJTuo2dL6BQ+9xxLnS9lbkyfz2mBGeBnQ2J7o9Bn0l0q+ZC6VuoZMZZXPvABI4QT7Nfknv5WhfKYL+boew==

"@rails/activestorage@^6.0.0":
  version "6.1.4"
  resolved "https://registry.yarnpkg.com/@rails/activestorage/-/activestorage-6.1.4.tgz#7772f539cc846df5f4364fc57ccb48860f9e966e"
  integrity sha512-1Tm8uaVBhLTDEG4YaFPvqguhjbUGSPVItm0CfkRpIFZIkybWzFAxatIrk4YVOOxB8ZdXS7GdeYa1qVwjdiDkgQ==
  dependencies:
    spark-md5 "^3.0.0"

"@rails/ujs@^6.0.0":
  version "6.1.4"
  resolved "https://registry.yarnpkg.com/@rails/ujs/-/ujs-6.1.4.tgz#093d5341595a02089ed309dec40f3c37da7b1b10"
  integrity sha512-O3lEzL5DYbxppMdsFSw36e4BHIlfz/xusynwXGv3l2lhSlvah41qviRpsoAlKXxl37nZAqK+UUF5cnGGK45Mfw==

"@stimulus/core@^2.0.0":
  version "2.0.0"
  resolved "https://registry.yarnpkg.com/@stimulus/core/-/core-2.0.0.tgz#140c85318d6a8a8210c0faf182223b8459348877"
  integrity sha512-ff70GafKtzc8zQ1/cG+UvL06GcifPWovf2wBEdjLMh9xO2GOYURO3y2RYgzIGYUIBefQwyfX2CLfJdZFJrEPTw==
  dependencies:
    "@stimulus/mutation-observers" "^2.0.0"

"@stimulus/multimap@^2.0.0":
  version "2.0.0"
  resolved "https://registry.yarnpkg.com/@stimulus/multimap/-/multimap-2.0.0.tgz#420cfa096ed6538df4a91dbd2b2842c1779952b2"
  integrity sha512-pMBCewkZCFVB3e5mEMoyO9+9aKzHDITmf3OnPun51YWxlcPdHcwbjqm1ylK63fsoduIE+RowBpFwFqd3poEz4w==

"@stimulus/mutation-observers@^2.0.0":
  version "2.0.0"
  resolved "https://registry.yarnpkg.com/@stimulus/mutation-observers/-/mutation-observers-2.0.0.tgz#3dbe37453bda47a6c795a90204ee8d77a799fb87"
  integrity sha512-kx4VAJdPhIGBQKGIoUDC2tupEKorG3A+ckc2b1UiwInKTMAC1axOHU8ebcwhaJIxRqIrs8//4SJo9YAAOx6FEg==
  dependencies:
    "@stimulus/multimap" "^2.0.0"

"@stimulus/webpack-helpers@^2.0.0":
  version "2.0.0"
  resolved "https://registry.yarnpkg.com/@stimulus/webpack-helpers/-/webpack-helpers-2.0.0.tgz#54296d2a2dffd4f962d2e802d99a3fdd84b8845f"
  integrity sha512-D6tJWsAC024MwGEIKlUVYU8Ln87mlrmiwHvYAjipg+s8H4eLxUMQ3PZkWyPevfipH+oR3leuHsjYsK1gN5ViQA==

anymatch@~3.1.2:
  version "3.1.2"
  resolved "https://registry.yarnpkg.com/anymatch/-/anymatch-3.1.2.tgz#c0557c096af32f106198f4f4e2a383537e378716"
  integrity sha512-P43ePfOAIupkguHUycrc4qJ9kz8ZiuOUijaETwX7THt0Y/GNK7v0aa8rY816xWjZ7rJdA5XdMcpVFTKMq+RvWg==
  dependencies:
    normalize-path "^3.0.0"
    picomatch "^2.0.4"

binary-extensions@^2.0.0:
  version "2.2.0"
  resolved "https://registry.yarnpkg.com/binary-extensions/-/binary-extensions-2.2.0.tgz#75f502eeaf9ffde42fc98829645be4ea76bd9e2d"
  integrity sha512-jDctJ/IVQbZoJykoeHbhXpOlNBqGNcwXJKJog42E5HDPUwQTSdjCHdihjj0DlnheQ7blbT6dHOafNAiS8ooQKA==

bootstrap@^5.0.1:
  version "5.1.3"
  resolved "https://registry.yarnpkg.com/bootstrap/-/bootstrap-5.1.3.tgz#ba081b0c130f810fa70900acbc1c6d3c28fa8f34"
  integrity sha512-fcQztozJ8jToQWXxVuEyXWW+dSo8AiXWKwiSSrKWsRB/Qt+Ewwza+JWoLKiTuQLaEPhdNAJ7+Dosc9DOIqNy7Q==

braces@~3.0.2:
  version "3.0.2"
  resolved "https://registry.yarnpkg.com/braces/-/braces-3.0.2.tgz#3454e1a462ee8d599e236df336cd9ea4f8afe107"
  integrity sha512-b8um+L1RzM3WDSzvhm6gIz1yfTbBt6YTlcEKAvsmqCZZFw46z626lVj9j1yEPW33H5H+lBQpZMP1k8l+78Ha0A==
  dependencies:
    fill-range "^7.0.1"

"chokidar@>=3.0.0 <4.0.0":
  version "3.5.2"
  resolved "https://registry.yarnpkg.com/chokidar/-/chokidar-3.5.2.tgz#dba3976fcadb016f66fd365021d91600d01c1e75"
  integrity sha512-ekGhOnNVPgT77r4K/U3GDhu+FQ2S8TnK/s2KbIGXi0SZWuwkZ2QNyfWdZW+TVfn84DpEP7rLeCt2UI6bJ8GwbQ==
  dependencies:
    anymatch "~3.1.2"
    braces "~3.0.2"
    glob-parent "~5.1.2"
    is-binary-path "~2.1.0"
    is-glob "~4.0.1"
    normalize-path "~3.0.0"
    readdirp "~3.6.0"
  optionalDependencies:
    fsevents "~2.3.2"

dayjs@^1.10.6:
  version "1.10.7"
  resolved "https://registry.yarnpkg.com/dayjs/-/dayjs-1.10.7.tgz#2cf5f91add28116748440866a0a1d26f3a6ce468"
  integrity sha512-P6twpd70BcPK34K26uJ1KT3wlhpuOAPoMwJzpsIWUxHZ7wpmbdZL/hQqBDfz7hGurYSa5PhzdhDHtt319hL3ig==

dropzone@^5.7.2:
  version "5.9.3"
  resolved "https://registry.yarnpkg.com/dropzone/-/dropzone-5.9.3.tgz#b3070ae090fa48cbc04c17535635537ca72d70d6"
  integrity sha512-Azk8kD/2/nJIuVPK+zQ9sjKMRIpRvNyqn9XwbBHNq+iNuSccbJS6hwm1Woy0pMST0erSo0u4j+KJaodndDk4vA==

esbuild-android-arm64@0.13.9:
  version "0.13.9"
  resolved "https://registry.yarnpkg.com/esbuild-android-arm64/-/esbuild-android-arm64-0.13.9.tgz#6cc4a0c623332c0830a311ddd8242b1f496ff940"
  integrity sha512-Ty0hKldtjJVLHwUwbKR4GFPiXBo5iQ3aE1OLBar9lh3myaRkUGEb+Ypl74LEKa0+t/9lS3Ev1N5+5P2Sq6UvNQ==

esbuild-darwin-64@0.13.9:
  version "0.13.9"
  resolved "https://registry.yarnpkg.com/esbuild-darwin-64/-/esbuild-darwin-64-0.13.9.tgz#df44297c2438032cda2b21548a82bb007e2105cc"
  integrity sha512-Ay0/b98v0oYp3ApXNQ7QPbaSkCT9WjBU6h8bMB1SYrQ/PmHgwph91fb9V0pfOLKK1rYWypfrNbI0MyT2tWN+rQ==

esbuild-darwin-arm64@0.13.9:
  version "0.13.9"
  resolved "https://registry.yarnpkg.com/esbuild-darwin-arm64/-/esbuild-darwin-arm64-0.13.9.tgz#704ef404a6a38eda190d40ed354e7f2c1c839081"
  integrity sha512-nJB8chaJdWathCe6EyIiMIqfyEzbuXPyNsPlL3bYRB1zFCF8feXT874D4IHbJ/w8B6BpY3sM1Clr/I/DK8E4ow==

esbuild-freebsd-64@0.13.9:
  version "0.13.9"
  resolved "https://registry.yarnpkg.com/esbuild-freebsd-64/-/esbuild-freebsd-64-0.13.9.tgz#fbbf22c99e15f27d0f8a1a040d7961a86f0d3a4e"
  integrity sha512-ktaBujf12XLkVXLGx7WjFcmh1tt34tm7gP4pHkhvbzbHrq+BbXwcl4EsW+5JT9VNKl7slOGf4Qnua/VW7ZcnIw==

esbuild-freebsd-arm64@0.13.9:
  version "0.13.9"
  resolved "https://registry.yarnpkg.com/esbuild-freebsd-arm64/-/esbuild-freebsd-arm64-0.13.9.tgz#809fff4c43653dbbf071ffce9f80a030b278098e"
  integrity sha512-vVa5zps4dmwpXwv/amxVpIWvFJuUPWQkpV+PYtZUW9lqjXsQ3LBHP51Q1cXZZBIrqwszLsEyJPa5GuDOY15hzQ==

esbuild-linux-32@0.13.9:
  version "0.13.9"
  resolved "https://registry.yarnpkg.com/esbuild-linux-32/-/esbuild-linux-32-0.13.9.tgz#f9fd3423481e51674e9817d5eea25689889a5f5a"
  integrity sha512-HxoW9QNqhO8VW1l7aBiYQH4lobeHq85+blZ4nlZ7sg5CNhGRRwnMlV6S08VYKz6V0YKnHb5OqJxx2HZuTZ7tgQ==

esbuild-linux-64@0.13.9:
  version "0.13.9"
  resolved "https://registry.yarnpkg.com/esbuild-linux-64/-/esbuild-linux-64-0.13.9.tgz#9d7f66866dae1abaff7cbc3749f2847d5fb72fd5"
  integrity sha512-L+eAR8o1lAUr9g64RXnBLuWZjAItAOWSUpvkchpa6QvSnXFA/nG6PgGsOBEqhDXl9qYEpGI0ReDrFkf8ByapvQ==

esbuild-linux-arm64@0.13.9:
  version "0.13.9"
  resolved "https://registry.yarnpkg.com/esbuild-linux-arm64/-/esbuild-linux-arm64-0.13.9.tgz#669202e71b9ced4d285bfd1d69de948e013ac28f"
  integrity sha512-IjbhZpW5VQYK4nVI4dj/mLvH5oXAIf57OI8BYVkCqrdVXJwR8nVrSqux3zJSY+ElrkOK3DtG9iTPpmqvBXaU0g==

esbuild-linux-arm@0.13.9:
  version "0.13.9"
  resolved "https://registry.yarnpkg.com/esbuild-linux-arm/-/esbuild-linux-arm-0.13.9.tgz#c3ceb56ec0e3dbd1a3a89dca6cb7fc0ca360bcc8"
  integrity sha512-DT0S+ufCVXatPZHjkCaBgZSFIV8FzY4GEHz/BlkitTWzUvT1dIUXjPIRPnqBUVa+0AyS1bZSfHzv9hTT4LHz7A==

esbuild-linux-mips64le@0.13.9:
  version "0.13.9"
  resolved "https://registry.yarnpkg.com/esbuild-linux-mips64le/-/esbuild-linux-mips64le-0.13.9.tgz#bf4bd389ee14b67c5c77669952f2de6b2cc8a003"
  integrity sha512-ec9RgAM4r+fe1ZmG16qeMwEHdcIvqeW8tpnpkfSQu9T4487KtQF6lg3TQasTarrLLEe7Qpy+E+r4VwC8eeZySQ==

esbuild-linux-ppc64le@0.13.9:
  version "0.13.9"
  resolved "https://registry.yarnpkg.com/esbuild-linux-ppc64le/-/esbuild-linux-ppc64le-0.13.9.tgz#465b7bdc70577da606b3b5d463028292b6d834ad"
  integrity sha512-7b2/wg8T1n/L1BgCWlMSez0aXfGkNjFuOqMBQdnTti3LRuUwzGJcrhRf/FdZGJ5/evML9mqu60vLRuXW1TdXCg==

esbuild-netbsd-64@0.13.9:
  version "0.13.9"
  resolved "https://registry.yarnpkg.com/esbuild-netbsd-64/-/esbuild-netbsd-64-0.13.9.tgz#94f2dabe83520066cc1e1fae3ecff78695a8ebb1"
  integrity sha512-PiZu3h4+Szj0iZPgvuD2Y0isOXnlNetmF6jMcOwW54BScwynW24/baE+z7PfDyNFgjV04Ga2THdcpbKBDhgWQw==

esbuild-openbsd-64@0.13.9:
  version "0.13.9"
  resolved "https://registry.yarnpkg.com/esbuild-openbsd-64/-/esbuild-openbsd-64-0.13.9.tgz#b47f6a641ca37358aeedb2b7c4bb73dd0682c6d5"
  integrity sha512-SJKN4Ez+ilY7mu+1gAdGQ9N6dktBfbEkiOAvw+hT7xHrNnTnrTGH0FT4qx9dazB9HX6D04L4PXmVOyynqi+oEQ==

esbuild-plugin-stimulus@^0.1.2:
  version "0.1.2"
  resolved "https://registry.yarnpkg.com/esbuild-plugin-stimulus/-/esbuild-plugin-stimulus-0.1.2.tgz#b4a3121f4ad57e991a7633ea4bcb6c242524adcf"
  integrity sha512-9jgRK8Fqp7bMs6jR2l4xl8z5bu4CpmfDohsp/7JUB6nwNjah4qndVcvGp5KdDBm3n9CSkKF52h/SyVJam1RBTg==

esbuild-sunos-64@0.13.9:
  version "0.13.9"
  resolved "https://registry.yarnpkg.com/esbuild-sunos-64/-/esbuild-sunos-64-0.13.9.tgz#b0df4a316b7c98eb490f4bd0db381cf2c391ae73"
  integrity sha512-9N0RjZ7cElE8ifrS0nBrLQgBMQNPiIIKO2GzLXy7Ms8AM3KjfLiV2G2+9O0B9paXjRAHchIwazTeOyeWb1vyWA==

esbuild-windows-32@0.13.9:
  version "0.13.9"
  resolved "https://registry.yarnpkg.com/esbuild-windows-32/-/esbuild-windows-32-0.13.9.tgz#e229563e134e634f9748cc8315c691e2013259ef"
  integrity sha512-awxWs1kns+RfjhqBbTbdlePjqZrAE2XMaAQJNg9dtu+C7ghC3QKsqXbu0C26OuF5YeAdJcq9q+IdG6WPLjvj9w==

esbuild-windows-64@0.13.9:
  version "0.13.9"
  resolved "https://registry.yarnpkg.com/esbuild-windows-64/-/esbuild-windows-64-0.13.9.tgz#103ad3f13e1a0e44934b91f358e81dd201b86b34"
  integrity sha512-VmA9GQMCzOr8rFfD72Dum1+AWhJui7ZO6sYwp6rBHYu4vLmWITTSUsd/zgXXmZuHBPkkvxLJLF8XsKFCRKflJA==

esbuild-windows-arm64@0.13.9:
  version "0.13.9"
  resolved "https://registry.yarnpkg.com/esbuild-windows-arm64/-/esbuild-windows-arm64-0.13.9.tgz#545bb58848008258b339b1b00fcfe92c85bc7251"
  integrity sha512-P/jPY2JwmTpgEPh9BkXpCe690tcDSSo0K9BHTniSeEAEz26kPpqldVa4XDm0R+hNnFA7ecEgNskr4QAxE1ry0w==

esbuild@^0.13.6:
  version "0.13.9"
  resolved "https://registry.yarnpkg.com/esbuild/-/esbuild-0.13.9.tgz#aafc4b3375ac443ae7b223c26c4e58d10d2d535b"
  integrity sha512-8bYcckmisXjGvBMeylp1PRtu21uOoCDFAgXGGF2BR241zYQDN6ZLNvcmQlnQ7olG0p6PRWmJI8WVH3ca8viPuw==
  optionalDependencies:
    esbuild-android-arm64 "0.13.9"
    esbuild-darwin-64 "0.13.9"
    esbuild-darwin-arm64 "0.13.9"
    esbuild-freebsd-64 "0.13.9"
    esbuild-freebsd-arm64 "0.13.9"
    esbuild-linux-32 "0.13.9"
    esbuild-linux-64 "0.13.9"
    esbuild-linux-arm "0.13.9"
    esbuild-linux-arm64 "0.13.9"
    esbuild-linux-mips64le "0.13.9"
    esbuild-linux-ppc64le "0.13.9"
    esbuild-netbsd-64 "0.13.9"
    esbuild-openbsd-64 "0.13.9"
    esbuild-sunos-64 "0.13.9"
    esbuild-windows-32 "0.13.9"
    esbuild-windows-64 "0.13.9"
    esbuild-windows-arm64 "0.13.9"

fill-range@^7.0.1:
  version "7.0.1"
  resolved "https://registry.yarnpkg.com/fill-range/-/fill-range-7.0.1.tgz#1919a6a7c75fe38b2c7c77e5198535da9acdda40"
  integrity sha512-qOo9F+dMUmC2Lcb4BbVvnKJxTPjCm+RRpe4gDuGrzkL7mEVl/djYSu2OdQ2Pa302N4oqkSg9ir6jaLWJ2USVpQ==
  dependencies:
    to-regex-range "^5.0.1"

fsevents@~2.3.2:
  version "2.3.2"
  resolved "https://registry.yarnpkg.com/fsevents/-/fsevents-2.3.2.tgz#8a526f78b8fdf4623b709e0b975c52c24c02fd1a"
  integrity sha512-xiqMQR4xAeHTuB9uWm+fFRcIOgKBMiOBP+eXiyT7jsgVCq1bkVygt00oASowB7EdtpOHaaPgKt812P9ab+DDKA==

glob-parent@~5.1.2:
  version "5.1.2"
  resolved "https://registry.yarnpkg.com/glob-parent/-/glob-parent-5.1.2.tgz#869832c58034fe68a4093c17dc15e8340d8401c4"
  integrity sha512-AOIgSQCepiJYwP3ARnGx+5VnTu2HBYdzbGP45eLw1vr3zB3vZLeyed1sC9hnbcOc9/SrMyM5RPQrkGz4aS9Zow==
  dependencies:
    is-glob "^4.0.1"

is-binary-path@~2.1.0:
  version "2.1.0"
  resolved "https://registry.yarnpkg.com/is-binary-path/-/is-binary-path-2.1.0.tgz#ea1f7f3b80f064236e83470f86c09c254fb45b09"
  integrity sha512-ZMERYes6pDydyuGidse7OsHxtbI7WVeUEozgR/g7rd0xUimYNlvZRE/K2MgZTjWy725IfelLeVcEM97mmtRGXw==
  dependencies:
    binary-extensions "^2.0.0"

is-extglob@^2.1.1:
  version "2.1.1"
  resolved "https://registry.yarnpkg.com/is-extglob/-/is-extglob-2.1.1.tgz#a88c02535791f02ed37c76a1b9ea9773c833f8c2"
  integrity sha1-qIwCU1eR8C7TfHahueqXc8gz+MI=

is-glob@^4.0.1, is-glob@~4.0.1:
  version "4.0.3"
  resolved "https://registry.yarnpkg.com/is-glob/-/is-glob-4.0.3.tgz#64f61e42cbbb2eec2071a9dac0b28ba1e65d5084"
  integrity sha512-xelSayHH36ZgE7ZWhli7pW34hNbNl8Ojv5KVmkJD4hBdD3th8Tfk9vYasLM+mXWOZhFkgZfxhLSnrwRr4elSSg==
  dependencies:
    is-extglob "^2.1.1"

is-number@^7.0.0:
  version "7.0.0"
  resolved "https://registry.yarnpkg.com/is-number/-/is-number-7.0.0.tgz#7535345b896734d5f80c4d06c50955527a14f12b"
  integrity sha512-41Cifkg6e8TylSpdtTpeLVMqvSBEVzTttHvERD741+pnZ8ANv0004MRL43QKPDlK9cGvNp6NZWZUBlbGXYxxng==

lodash.debounce@^4.0.8:
  version "4.0.8"
  resolved "https://registry.yarnpkg.com/lodash.debounce/-/lodash.debounce-4.0.8.tgz#82d79bff30a67c4005ffd5e2515300ad9ca4d7af"
  integrity sha1-gteb/zCmfEAF/9XiUVMArZyk168=

normalize-path@^3.0.0, normalize-path@~3.0.0:
  version "3.0.0"
  resolved "https://registry.yarnpkg.com/normalize-path/-/normalize-path-3.0.0.tgz#0dcd69ff23a1c9b11fd0978316644a0388216a65"
  integrity sha512-6eZs5Ls3WtCisHWp9S2GUy8dqkpGi4BVSz3GaqiE6ezub0512ESztXUwUB6C6IKbQkY2Pnb/mD4WYojCRwcwLA==

picomatch@^2.0.4, picomatch@^2.2.1:
  version "2.3.0"
  resolved "https://registry.yarnpkg.com/picomatch/-/picomatch-2.3.0.tgz#f1f061de8f6a4bf022892e2d128234fb98302972"
  integrity sha512-lY1Q/PiJGC2zOv/z391WOTD+Z02bCgsFfvxoXXf6h7kv9o+WmsmzYqrAwY63sNgOxE4xEdq0WyUnXfKeBrSvYw==

readdirp@~3.6.0:
  version "3.6.0"
  resolved "https://registry.yarnpkg.com/readdirp/-/readdirp-3.6.0.tgz#74a370bd857116e245b29cc97340cd431a02a6c7"
  integrity sha512-hOS089on8RduqdbhvQ5Z37A0ESjsqz6qnRcffsMU3495FuTdqSm+7bhJ29JvIOsBDEEnan5DPu9t3To9VRlMzA==
  dependencies:
    picomatch "^2.2.1"

sass@^1.43.2:
  version "1.43.3"
  resolved "https://registry.yarnpkg.com/sass/-/sass-1.43.3.tgz#aa16a69131b84f0cd23189a242571e8905f1ce43"
  integrity sha512-BJnLngqWpMeS65UvlYYEuCb3/fLxDxhHtOB/gWPxs6NKrslTxGt3ZxwIvOe/0Jm4tWwM/+tIpE3wj4dLEhPDeQ==
  dependencies:
    chokidar ">=3.0.0 <4.0.0"

simple-datatables@^3.0.0:
  version "3.1.2"
  resolved "https://registry.yarnpkg.com/simple-datatables/-/simple-datatables-3.1.2.tgz#13b6763a068fb338e1827a07f5141d3b4d89cedc"
  integrity sha512-WRUKautqfJTZYwZRyx2YCd7MhUyx3SKnKcpdRZGbj1kljz4L8YTI51jnZNwLRYopb4jhCozxN/3F7/4KS273WA==
  dependencies:
    dayjs "^1.10.6"

spark-md5@^3.0.0:
  version "3.0.2"
  resolved "https://registry.yarnpkg.com/spark-md5/-/spark-md5-3.0.2.tgz#7952c4a30784347abcee73268e473b9c0167e3fc"
  integrity sha512-wcFzz9cDfbuqe0FZzfi2or1sgyIrsDwmPwfZC4hiNidPdPINjeUwNfv5kldczoEAcjl9Y1L3SM7Uz2PUEQzxQw==

stimulus-autocomplete@^2.0.1-phylor-6095f2a9:
  version "2.0.2"
  resolved "https://registry.yarnpkg.com/stimulus-autocomplete/-/stimulus-autocomplete-2.0.2.tgz#ded9f8481515222e707e8ad2ec094259f94d1895"
  integrity sha512-nX9LHOqbZdRmnQm6ZMSdU9g0Fij2kdWM8mSwdatKdQl+gP82TQ0EwuB70qG7wdVLA2YkIXhGoAH9RbIR/KyY6Q==
  dependencies:
    lodash.debounce "^4.0.8"

stimulus@2.0.0:
  version "2.0.0"
  resolved "https://registry.yarnpkg.com/stimulus/-/stimulus-2.0.0.tgz#713c8b91a72ef90914b90955f0e705f004403047"
  integrity sha512-xipy7BS5TVpg4fX6S8LhrYZp7cmHGjmk09WSAiVx1gF5S5g43IWsuetfUhIk8HfHUG+4MQ9nY0FQz4dRFLs/8w==
  dependencies:
    "@stimulus/core" "^2.0.0"
    "@stimulus/webpack-helpers" "^2.0.0"

to-regex-range@^5.0.1:
  version "5.0.1"
  resolved "https://registry.yarnpkg.com/to-regex-range/-/to-regex-range-5.0.1.tgz#1648c44aae7c8d988a326018ed72f5b4dd0392e4"
  integrity sha512-65P7iz6X5yEr1cwcgvQxbbIw7Uk3gOy5dIdtZ4rDveLqhrdJP+Li/Hx6tyK0NEb+2GCyneCMJiGqrADCSNk8sQ==
  dependencies:
    is-number "^7.0.0"
